// !$*UTF8*$!
{
	archiveVersion = 1;
	classes = {
	};
	objectVersion = 48;
	objects = {

/* Begin PBXBuildFile section */
		F708EC4220445B15000047B5 /* DirectXMeshNormals.cpp in Sources */ = {isa = PBXBuildFile; fileRef = F708EC3020445B14000047B5 /* DirectXMeshNormals.cpp */; };
		F708EC4320445B15000047B5 /* DirectXMeshUtil.cpp in Sources */ = {isa = PBXBuildFile; fileRef = F708EC3120445B14000047B5 /* DirectXMeshUtil.cpp */; };
		F708EC4420445B15000047B5 /* DirectXMesh.h in Headers */ = {isa = PBXBuildFile; fileRef = F708EC3220445B14000047B5 /* DirectXMesh.h */; };
		F708EC4520445B15000047B5 /* DirectXMeshGSAdjacency.cpp in Sources */ = {isa = PBXBuildFile; fileRef = F708EC3320445B14000047B5 /* DirectXMeshGSAdjacency.cpp */; };
		F708EC4720445B15000047B5 /* DirectXMeshClean.cpp in Sources */ = {isa = PBXBuildFile; fileRef = F708EC3520445B14000047B5 /* DirectXMeshClean.cpp */; };
		F708EC4820445B15000047B5 /* DirectXMeshWeldVertices.cpp in Sources */ = {isa = PBXBuildFile; fileRef = F708EC3720445B14000047B5 /* DirectXMeshWeldVertices.cpp */; };
		F708EC4920445B15000047B5 /* DirectXMeshValidate.cpp in Sources */ = {isa = PBXBuildFile; fileRef = F708EC3820445B14000047B5 /* DirectXMeshValidate.cpp */; };
		F708EC4B20445B15000047B5 /* DirectXMeshRemap.cpp in Sources */ = {isa = PBXBuildFile; fileRef = F708EC3A20445B15000047B5 /* DirectXMeshRemap.cpp */; };
		F708EC4D20445B15000047B5 /* DirectXMeshTangentFrame.cpp in Sources */ = {isa = PBXBuildFile; fileRef = F708EC3C20445B15000047B5 /* DirectXMeshTangentFrame.cpp */; };
		F708EC4E20445B15000047B5 /* scoped.h in Headers */ = {isa = PBXBuildFile; fileRef = F708EC3D20445B15000047B5 /* scoped.h */; };
		F708EC4F20445B15000047B5 /* DirectXMeshAdjacency.cpp in Sources */ = {isa = PBXBuildFile; fileRef = F708EC3E20445B15000047B5 /* DirectXMeshAdjacency.cpp */; };
		F708EC5120445B15000047B5 /* DirectXMeshOptimizeTVC.cpp in Sources */ = {isa = PBXBuildFile; fileRef = F708EC4020445B15000047B5 /* DirectXMeshOptimizeTVC.cpp */; };
		F708EC5220445B15000047B5 /* DirectXMeshP.h in Headers */ = {isa = PBXBuildFile; fileRef = F708EC4120445B15000047B5 /* DirectXMeshP.h */; };
		F708EC5620445B63000047B5 /* wincompat.h in Headers */ = {isa = PBXBuildFile; fileRef = F708EC5320445B63000047B5 /* wincompat.h */; };
		F708EC5720445B63000047B5 /* malloc.h in Headers */ = {isa = PBXBuildFile; fileRef = F708EC5420445B63000047B5 /* malloc.h */; };
		F708EC5820445B63000047B5 /* sal.h in Headers */ = {isa = PBXBuildFile; fileRef = F708EC5520445B63000047B5 /* sal.h */; };
		F7FDD0E52044908B00A14096 /* DirectXMeshOptimize.cpp in Sources */ = {isa = PBXBuildFile; fileRef = F7FDD0E42044908B00A14096 /* DirectXMeshOptimize.cpp */; };
/* End PBXBuildFile section */

/* Begin PBXFileReference section */
		F708EC2220445AB1000047B5 /* libDirectXMesh.a */ = {isa = PBXFileReference; explicitFileType = archive.ar; includeInIndex = 0; path = libDirectXMesh.a; sourceTree = BUILT_PRODUCTS_DIR; };
		F708EC3020445B14000047B5 /* DirectXMeshNormals.cpp */ = {isa = PBXFileReference; fileEncoding = 4; lastKnownFileType = sourcecode.cpp.cpp; name = DirectXMeshNormals.cpp; path = ../../DirectXMesh/DirectXMeshNormals.cpp; sourceTree = "<group>"; };
		F708EC3120445B14000047B5 /* DirectXMeshUtil.cpp */ = {isa = PBXFileReference; fileEncoding = 4; lastKnownFileType = sourcecode.cpp.cpp; name = DirectXMeshUtil.cpp; path = ../../DirectXMesh/DirectXMeshUtil.cpp; sourceTree = "<group>"; };
		F708EC3220445B14000047B5 /* DirectXMesh.h */ = {isa = PBXFileReference; fileEncoding = 4; lastKnownFileType = sourcecode.c.h; name = DirectXMesh.h; path = ../../DirectXMesh/DirectXMesh.h; sourceTree = "<group>"; };
		F708EC3320445B14000047B5 /* DirectXMeshGSAdjacency.cpp */ = {isa = PBXFileReference; fileEncoding = 4; lastKnownFileType = sourcecode.cpp.cpp; name = DirectXMeshGSAdjacency.cpp; path = ../../DirectXMesh/DirectXMeshGSAdjacency.cpp; sourceTree = "<group>"; };
		F708EC3520445B14000047B5 /* DirectXMeshClean.cpp */ = {isa = PBXFileReference; fileEncoding = 4; lastKnownFileType = sourcecode.cpp.cpp; name = DirectXMeshClean.cpp; path = ../../DirectXMesh/DirectXMeshClean.cpp; sourceTree = "<group>"; };
		F708EC3620445B14000047B5 /* DirectXMesh.inl */ = {isa = PBXFileReference; fileEncoding = 4; lastKnownFileType = text; name = DirectXMesh.inl; path = ../../DirectXMesh/DirectXMesh.inl; sourceTree = "<group>"; };
		F708EC3720445B14000047B5 /* DirectXMeshWeldVertices.cpp */ = {isa = PBXFileReference; fileEncoding = 4; lastKnownFileType = sourcecode.cpp.cpp; name = DirectXMeshWeldVertices.cpp; path = ../../DirectXMesh/DirectXMeshWeldVertices.cpp; sourceTree = "<group>"; };
		F708EC3820445B14000047B5 /* DirectXMeshValidate.cpp */ = {isa = PBXFileReference; fileEncoding = 4; lastKnownFileType = sourcecode.cpp.cpp; name = DirectXMeshValidate.cpp; path = ../../DirectXMesh/DirectXMeshValidate.cpp; sourceTree = "<group>"; };
		F708EC3A20445B15000047B5 /* DirectXMeshRemap.cpp */ = {isa = PBXFileReference; fileEncoding = 4; lastKnownFileType = sourcecode.cpp.cpp; name = DirectXMeshRemap.cpp; path = ../../DirectXMesh/DirectXMeshRemap.cpp; sourceTree = "<group>"; };
		F708EC3C20445B15000047B5 /* DirectXMeshTangentFrame.cpp */ = {isa = PBXFileReference; fileEncoding = 4; lastKnownFileType = sourcecode.cpp.cpp; name = DirectXMeshTangentFrame.cpp; path = ../../DirectXMesh/DirectXMeshTangentFrame.cpp; sourceTree = "<group>"; };
		F708EC3D20445B15000047B5 /* scoped.h */ = {isa = PBXFileReference; fileEncoding = 4; lastKnownFileType = sourcecode.c.h; name = scoped.h; path = ../../DirectXMesh/scoped.h; sourceTree = "<group>"; };
		F708EC3E20445B15000047B5 /* DirectXMeshAdjacency.cpp */ = {isa = PBXFileReference; fileEncoding = 4; lastKnownFileType = sourcecode.cpp.cpp; name = DirectXMeshAdjacency.cpp; path = ../../DirectXMesh/DirectXMeshAdjacency.cpp; sourceTree = "<group>"; };
		F708EC4020445B15000047B5 /* DirectXMeshOptimizeTVC.cpp */ = {isa = PBXFileReference; fileEncoding = 4; lastKnownFileType = sourcecode.cpp.cpp; name = DirectXMeshOptimizeTVC.cpp; path = ../../DirectXMesh/DirectXMeshOptimizeTVC.cpp; sourceTree = "<group>"; };
		F708EC4120445B15000047B5 /* DirectXMeshP.h */ = {isa = PBXFileReference; fileEncoding = 4; lastKnownFileType = sourcecode.c.h; name = DirectXMeshP.h; path = ../../DirectXMesh/DirectXMeshP.h; sourceTree = "<group>"; };
		F708EC5320445B63000047B5 /* wincompat.h */ = {isa = PBXFileReference; fileEncoding = 4; lastKnownFileType = sourcecode.c.h; name = wincompat.h; path = DirectXMesh/wincompat.h; sourceTree = "<group>"; };
		F708EC5420445B63000047B5 /* malloc.h */ = {isa = PBXFileReference; fileEncoding = 4; lastKnownFileType = sourcecode.c.h; name = malloc.h; path = DirectXMesh/Include/malloc.h; sourceTree = "<group>"; };
		F708EC5520445B63000047B5 /* sal.h */ = {isa = PBXFileReference; fileEncoding = 4; lastKnownFileType = sourcecode.c.h; name = sal.h; path = DirectXMesh/Include/sal.h; sourceTree = "<group>"; };
		F7FDD0E42044908B00A14096 /* DirectXMeshOptimize.cpp */ = {isa = PBXFileReference; fileEncoding = 4; lastKnownFileType = sourcecode.cpp.cpp; name = DirectXMeshOptimize.cpp; path = ../../DirectXMesh/DirectXMeshOptimize.cpp; sourceTree = "<group>"; };
/* End PBXFileReference section */

/* Begin PBXFrameworksBuildPhase section */
		F708EC1F20445AB1000047B5 /* Frameworks */ = {
			isa = PBXFrameworksBuildPhase;
			buildActionMask = 2147483647;
			files = (
			);
			runOnlyForDeploymentPostprocessing = 0;
		};
/* End PBXFrameworksBuildPhase section */

/* Begin PBXGroup section */
		F708EC1920445AB1000047B5 = {
			isa = PBXGroup;
			children = (
				F708EC2420445AB1000047B5 /* DirectXMesh */,
				F708EC5420445B63000047B5 /* malloc.h */,
				F708EC5520445B63000047B5 /* sal.h */,
				F708EC5320445B63000047B5 /* wincompat.h */,
				F708EC2320445AB1000047B5 /* Products */,
			);
			sourceTree = "<group>";
		};
		F708EC2320445AB1000047B5 /* Products */ = {
			isa = PBXGroup;
			children = (
				F708EC2220445AB1000047B5 /* libDirectXMesh.a */,
			);
			name = Products;
			sourceTree = "<group>";
		};
		F708EC2420445AB1000047B5 /* DirectXMesh */ = {
			isa = PBXGroup;
			children = (
				F708EC3220445B14000047B5 /* DirectXMesh.h */,
				F708EC3620445B14000047B5 /* DirectXMesh.inl */,
				F708EC3E20445B15000047B5 /* DirectXMeshAdjacency.cpp */,
				F708EC3520445B14000047B5 /* DirectXMeshClean.cpp */,
				F708EC3320445B14000047B5 /* DirectXMeshGSAdjacency.cpp */,
				F708EC3020445B14000047B5 /* DirectXMeshNormals.cpp */,
				F7FDD0E42044908B00A14096 /* DirectXMeshOptimize.cpp */,
				F708EC4020445B15000047B5 /* DirectXMeshOptimizeTVC.cpp */,
				F708EC4120445B15000047B5 /* DirectXMeshP.h */,
				F708EC3A20445B15000047B5 /* DirectXMeshRemap.cpp */,
				F708EC3C20445B15000047B5 /* DirectXMeshTangentFrame.cpp */,
				F708EC3120445B14000047B5 /* DirectXMeshUtil.cpp */,
				F708EC3820445B14000047B5 /* DirectXMeshValidate.cpp */,
				F708EC3720445B14000047B5 /* DirectXMeshWeldVertices.cpp */,
				F708EC3D20445B15000047B5 /* scoped.h */,
			);
			path = DirectXMesh;
			sourceTree = "<group>";
		};
/* End PBXGroup section */

/* Begin PBXHeadersBuildPhase section */
		F708EC2020445AB1000047B5 /* Headers */ = {
			isa = PBXHeadersBuildPhase;
			buildActionMask = 2147483647;
			files = (
				F708EC5220445B15000047B5 /* DirectXMeshP.h in Headers */,
				F708EC4E20445B15000047B5 /* scoped.h in Headers */,
				F708EC4420445B15000047B5 /* DirectXMesh.h in Headers */,
				F708EC5820445B63000047B5 /* sal.h in Headers */,
				F708EC5720445B63000047B5 /* malloc.h in Headers */,
				F708EC5620445B63000047B5 /* wincompat.h in Headers */,
			);
			runOnlyForDeploymentPostprocessing = 0;
		};
/* End PBXHeadersBuildPhase section */

/* Begin PBXNativeTarget section */
		F708EC2120445AB1000047B5 /* DirectXMesh */ = {
			isa = PBXNativeTarget;
			buildConfigurationList = F708EC2D20445AB1000047B5 /* Build configuration list for PBXNativeTarget "DirectXMesh" */;
			buildPhases = (
				F708EC1E20445AB1000047B5 /* Sources */,
				F708EC1F20445AB1000047B5 /* Frameworks */,
				F708EC2020445AB1000047B5 /* Headers */,
			);
			buildRules = (
			);
			dependencies = (
			);
			name = DirectXMesh;
			productName = DirectXMesh;
			productReference = F708EC2220445AB1000047B5 /* libDirectXMesh.a */;
			productType = "com.apple.product-type.library.static";
		};
/* End PBXNativeTarget section */

/* Begin PBXProject section */
		F708EC1A20445AB1000047B5 /* Project object */ = {
			isa = PBXProject;
			attributes = {
				LastUpgradeCheck = 0920;
				ORGANIZATIONNAME = "Paul Schulze";
				TargetAttributes = {
					F708EC2120445AB1000047B5 = {
						CreatedOnToolsVersion = 9.2;
						ProvisioningStyle = Automatic;
					};
				};
			};
			buildConfigurationList = F708EC1D20445AB1000047B5 /* Build configuration list for PBXProject "DirectXMesh" */;
			compatibilityVersion = "Xcode 8.0";
			developmentRegion = en;
			hasScannedForEncodings = 0;
			knownRegions = (
				en,
			);
			mainGroup = F708EC1920445AB1000047B5;
			productRefGroup = F708EC2320445AB1000047B5 /* Products */;
			projectDirPath = "";
			projectRoot = "";
			targets = (
				F708EC2120445AB1000047B5 /* DirectXMesh */,
			);
		};
/* End PBXProject section */

/* Begin PBXSourcesBuildPhase section */
		F708EC1E20445AB1000047B5 /* Sources */ = {
			isa = PBXSourcesBuildPhase;
			buildActionMask = 2147483647;
			files = (
				F708EC4520445B15000047B5 /* DirectXMeshGSAdjacency.cpp in Sources */,
				F708EC4B20445B15000047B5 /* DirectXMeshRemap.cpp in Sources */,
				F708EC4F20445B15000047B5 /* DirectXMeshAdjacency.cpp in Sources */,
				F708EC4920445B15000047B5 /* DirectXMeshValidate.cpp in Sources */,
				F7FDD0E52044908B00A14096 /* DirectXMeshOptimize.cpp in Sources */,
				F708EC4720445B15000047B5 /* DirectXMeshClean.cpp in Sources */,
				F708EC5120445B15000047B5 /* DirectXMeshOptimizeTVC.cpp in Sources */,
				F708EC4320445B15000047B5 /* DirectXMeshUtil.cpp in Sources */,
				F708EC4820445B15000047B5 /* DirectXMeshWeldVertices.cpp in Sources */,
				F708EC4220445B15000047B5 /* DirectXMeshNormals.cpp in Sources */,
				F708EC4D20445B15000047B5 /* DirectXMeshTangentFrame.cpp in Sources */,
			);
			runOnlyForDeploymentPostprocessing = 0;
		};
/* End PBXSourcesBuildPhase section */

/* Begin XCBuildConfiguration section */
		F708EC2B20445AB1000047B5 /* Debug */ = {
			isa = XCBuildConfiguration;
			buildSettings = {
				ALWAYS_SEARCH_USER_PATHS = NO;
				CLANG_ANALYZER_NONNULL = YES;
				CLANG_ANALYZER_NUMBER_OBJECT_CONVERSION = YES_AGGRESSIVE;
				CLANG_CXX_LANGUAGE_STANDARD = "gnu++14";
				CLANG_CXX_LIBRARY = "libc++";
				CLANG_ENABLE_MODULES = YES;
				CLANG_ENABLE_OBJC_ARC = YES;
				CLANG_WARN_BLOCK_CAPTURE_AUTORELEASING = YES;
				CLANG_WARN_BOOL_CONVERSION = YES;
				CLANG_WARN_COMMA = YES;
				CLANG_WARN_CONSTANT_CONVERSION = YES;
				CLANG_WARN_DIRECT_OBJC_ISA_USAGE = YES_ERROR;
				CLANG_WARN_DOCUMENTATION_COMMENTS = YES;
				CLANG_WARN_EMPTY_BODY = YES;
				CLANG_WARN_ENUM_CONVERSION = YES;
				CLANG_WARN_INFINITE_RECURSION = YES;
				CLANG_WARN_INT_CONVERSION = YES;
				CLANG_WARN_NON_LITERAL_NULL_CONVERSION = YES;
				CLANG_WARN_OBJC_LITERAL_CONVERSION = YES;
				CLANG_WARN_OBJC_ROOT_CLASS = YES_ERROR;
				CLANG_WARN_RANGE_LOOP_ANALYSIS = YES;
				CLANG_WARN_STRICT_PROTOTYPES = YES;
				CLANG_WARN_SUSPICIOUS_MOVE = YES;
				CLANG_WARN_UNGUARDED_AVAILABILITY = YES_AGGRESSIVE;
				CLANG_WARN_UNREACHABLE_CODE = YES;
				CLANG_WARN__DUPLICATE_METHOD_MATCH = YES;
				CODE_SIGN_IDENTITY = "-";
				COPY_PHASE_STRIP = NO;
				DEBUG_INFORMATION_FORMAT = dwarf;
				ENABLE_STRICT_OBJC_MSGSEND = YES;
				ENABLE_TESTABILITY = YES;
				GCC_C_LANGUAGE_STANDARD = gnu11;
				GCC_DYNAMIC_NO_PIC = NO;
				GCC_NO_COMMON_BLOCKS = YES;
				GCC_OPTIMIZATION_LEVEL = 0;
				GCC_PREPROCESSOR_DEFINITIONS = (
					"DEBUG=1",
					"$(inherited)",
				);
				GCC_WARN_64_TO_32_BIT_CONVERSION = YES;
				GCC_WARN_ABOUT_RETURN_TYPE = YES_ERROR;
				GCC_WARN_UNDECLARED_SELECTOR = YES;
				GCC_WARN_UNINITIALIZED_AUTOS = YES_AGGRESSIVE;
				GCC_WARN_UNUSED_FUNCTION = YES;
				GCC_WARN_UNUSED_VARIABLE = YES;
				MACOSX_DEPLOYMENT_TARGET = 10.13;
				MTL_ENABLE_DEBUG_INFO = YES;
				ONLY_ACTIVE_ARCH = YES;
				SDKROOT = macosx;
			};
			name = Debug;
		};
		F708EC2C20445AB1000047B5 /* Release */ = {
			isa = XCBuildConfiguration;
			buildSettings = {
				ALWAYS_SEARCH_USER_PATHS = NO;
				CLANG_ANALYZER_NONNULL = YES;
				CLANG_ANALYZER_NUMBER_OBJECT_CONVERSION = YES_AGGRESSIVE;
				CLANG_CXX_LANGUAGE_STANDARD = "gnu++14";
				CLANG_CXX_LIBRARY = "libc++";
				CLANG_ENABLE_MODULES = YES;
				CLANG_ENABLE_OBJC_ARC = YES;
				CLANG_WARN_BLOCK_CAPTURE_AUTORELEASING = YES;
				CLANG_WARN_BOOL_CONVERSION = YES;
				CLANG_WARN_COMMA = YES;
				CLANG_WARN_CONSTANT_CONVERSION = YES;
				CLANG_WARN_DIRECT_OBJC_ISA_USAGE = YES_ERROR;
				CLANG_WARN_DOCUMENTATION_COMMENTS = YES;
				CLANG_WARN_EMPTY_BODY = YES;
				CLANG_WARN_ENUM_CONVERSION = YES;
				CLANG_WARN_INFINITE_RECURSION = YES;
				CLANG_WARN_INT_CONVERSION = YES;
				CLANG_WARN_NON_LITERAL_NULL_CONVERSION = YES;
				CLANG_WARN_OBJC_LITERAL_CONVERSION = YES;
				CLANG_WARN_OBJC_ROOT_CLASS = YES_ERROR;
				CLANG_WARN_RANGE_LOOP_ANALYSIS = YES;
				CLANG_WARN_STRICT_PROTOTYPES = YES;
				CLANG_WARN_SUSPICIOUS_MOVE = YES;
				CLANG_WARN_UNGUARDED_AVAILABILITY = YES_AGGRESSIVE;
				CLANG_WARN_UNREACHABLE_CODE = YES;
				CLANG_WARN__DUPLICATE_METHOD_MATCH = YES;
				CODE_SIGN_IDENTITY = "-";
				COPY_PHASE_STRIP = NO;
				DEBUG_INFORMATION_FORMAT = "dwarf-with-dsym";
				ENABLE_NS_ASSERTIONS = NO;
				ENABLE_STRICT_OBJC_MSGSEND = YES;
				GCC_C_LANGUAGE_STANDARD = gnu11;
				GCC_NO_COMMON_BLOCKS = YES;
				GCC_WARN_64_TO_32_BIT_CONVERSION = YES;
				GCC_WARN_ABOUT_RETURN_TYPE = YES_ERROR;
				GCC_WARN_UNDECLARED_SELECTOR = YES;
				GCC_WARN_UNINITIALIZED_AUTOS = YES_AGGRESSIVE;
				GCC_WARN_UNUSED_FUNCTION = YES;
				GCC_WARN_UNUSED_VARIABLE = YES;
				MACOSX_DEPLOYMENT_TARGET = 10.13;
				MTL_ENABLE_DEBUG_INFO = NO;
				SDKROOT = macosx;
			};
			name = Release;
		};
		F708EC2E20445AB1000047B5 /* Debug */ = {
			isa = XCBuildConfiguration;
			buildSettings = {
				CODE_SIGN_STYLE = Automatic;
				EXECUTABLE_PREFIX = lib;
				GCC_ENABLE_CPP_EXCEPTIONS = YES;
				GCC_ENABLE_CPP_RTTI = YES;
				HEADER_SEARCH_PATHS = (
					"$(PROJECT_DIR)/Include",
					"$(PROJECT_DIR)/../DirectXSDK/Include",
					"$(PROJECT_DIR)/../DirectXMath/Inc",
					"$(PROJECT_DIR)/../DirectXMesh",
				);
				PRODUCT_NAME = "$(TARGET_NAME)";
			};
			name = Debug;
		};
		F708EC2F20445AB1000047B5 /* Release */ = {
			isa = XCBuildConfiguration;
			buildSettings = {
				CODE_SIGN_STYLE = Automatic;
				EXECUTABLE_PREFIX = lib;
				GCC_ENABLE_CPP_EXCEPTIONS = YES;
				GCC_ENABLE_CPP_RTTI = YES;
				HEADER_SEARCH_PATHS = (
					"$(PROJECT_DIR)/Include",
					"$(PROJECT_DIR)/../DirectXSDK/Include",
					"$(PROJECT_DIR)/../DirectXMath/Inc",
					"$(PROJECT_DIR)/../DirectXMesh",
				);
				PRODUCT_NAME = "$(TARGET_NAME)";
			};
			name = Release;
		};
/* End XCBuildConfiguration section */

/* Begin XCConfigurationList section */
		F708EC1D20445AB1000047B5 /* Build configuration list for PBXProject "DirectXMesh" */ = {
			isa = XCConfigurationList;
			buildConfigurations = (
				F708EC2B20445AB1000047B5 /* Debug */,
				F708EC2C20445AB1000047B5 /* Release */,
			);
			defaultConfigurationIsVisible = 0;
			defaultConfigurationName = Release;
		};
		F708EC2D20445AB1000047B5 /* Build configuration list for PBXNativeTarget "DirectXMesh" */ = {
			isa = XCConfigurationList;
			buildConfigurations = (
				F708EC2E20445AB1000047B5 /* Debug */,
				F708EC2F20445AB1000047B5 /* Release */,
			);
			defaultConfigurationIsVisible = 0;
			defaultConfigurationName = Release;
		};
/* End XCConfigurationList section */
	};
	rootObject = F708EC1A20445AB1000047B5 /* Project object */;
}
